# This file is automatically generated by Poetry 1.8.2 to track dependencies.

[[package]]
name = "fastapi"
version = "0.110.0"
description = "FastAPI framework, high performance, easy to learn, fast to code, ready for production"
optional = false
python-versions = ">=3.8"

[[package]]
name = "uvicorn"
version = "0.28.0"
description = "The lightning-fast ASGI server."
optional = false
python-versions = ">=3.8"

[[package]]
name = "pydantic"
version = "2.6.4"
description = "Data validation using Python type hints"
optional = false
python-versions = ">=3.8"

[[package]]
name = "pytest"
version = "8.1.1"
description = "pytest: simple powerful testing with Python"
optional = false
python-versions = ">=3.8"

[[package]]
name = "httpx"
version = "0.27.0"
description = "A next-generation HTTP client for Python."
optional = false
python-versions = ">=3.8"

[metadata]
lock-version = "2.0"
python-versions = ">=3.10"
content-hash = "a8b9c0d1e2f3a4b5c6d7e8f9a0b1c2d3e4f5a6b7c8d9e0f1a2b3c4d5e6f7a8b9"
